
Microsoft Visual Studio Solution File, Format Version 12.00
# Visual Studio 15
VisualStudioVersion = 15.0.28307.1022
MinimumVisualStudioVersion = 10.0.40219.1
Project("{FAE04EC0-301F-11D3-BF4B-00C04F79EFBC}") = "MyScriptureJournal", "MyScriptureJournal\MyScriptureJournal.csproj", "{1670B31A-083E-4E2A-B281-83FCBC4FC4DD}"
EndProject
Global
	GlobalSection(SolutionConfigurationPlatforms) = preSolution
		Debug|Any CPU = Debug|Any CPU
		Release|Any CPU = Release|Any CPU
	EndGlobalSection
	GlobalSection(ProjectConfigurationPlatforms) = postSolution
		{1670B31A-083E-4E2A-B281-83FCBC4FC4DD}.Debug|Any CPU.ActiveCfg = Debug|Any CPU
		{1670B31A-083E-4E2A-B281-83FCBC4FC4DD}.Debug|Any CPU.Build.0 = Debug|Any CPU
		{1670B31A-083E-4E2A-B281-83FCBC4FC4DD}.Release|Any CPU.ActiveCfg = Release|Any CPU
		{1670B31A-083E-4E2A-B281-83FCBC4FC4DD}.Release|Any CPU.Build.0 = Release|Any CPU
	EndGlobalSection
	GlobalSection(SolutionProperties) = preSolution
		HideSolutionNode = FALSE
	EndGlobalSection
	GlobalSection(ExtensibilityGlobals) = postSolution
		SolutionGuid = {314F43FC-F318-4102-BB6B-88E9DB4D3397}
	EndGlobalSection
EndGlobal
